
Microsoft Visual Studio Solution File, Format Version 12.00
# Visual Studio Version 16
VisualStudioVersion = 16.0.30320.27
MinimumVisualStudioVersion = 10.0.40219.1
Project("{00D1A9C2-B5F0-4AF3-8072-F6C62B433612}") = "RapidDevStarter.Database", "RapidDevStarter.Database\RapidDevStarter.Database.sqlproj", "{2E478578-1495-46AA-B8A3-D29FF158A22B}"
EndProject
Project("{9A19103F-16F7-4668-BE54-9A1E7A4F7556}") = "RapidDevStarter.Web", "RapidDevStarter.Web\RapidDevStarter.Web.csproj", "{2093E0A2-9966-41A0-8F56-179EA1C385C8}"
EndProject
Project("{FAE04EC0-301F-11D3-BF4B-00C04F79EFBC}") = "RapidDevStarter.Core", "RapidDevStarter.Core\RapidDevStarter.Core.csproj", "{253AE7FE-6ACA-4D6B-9BDC-C6C16E7CBD74}"
EndProject
Project("{FAE04EC0-301F-11D3-BF4B-00C04F79EFBC}") = "RapidDevStarter.Api", "RapidDevStarter.Api\RapidDevStarter.Api.csproj", "{596DAF8C-48CF-4FEE-B491-CC7417E91383}"
EndProject
Project("{FAE04EC0-301F-11D3-BF4B-00C04F79EFBC}") = "RapidDevStarter.Entities", "RapidDevStarter.Entities\RapidDevStarter.Entities.csproj", "{F227CAFD-D848-4F22-862E-DF02B88E8BB4}"
EndProject
Global
	GlobalSection(SolutionConfigurationPlatforms) = preSolution
		Debug|Any CPU = Debug|Any CPU
		Release|Any CPU = Release|Any CPU
	EndGlobalSection
	GlobalSection(ProjectConfigurationPlatforms) = postSolution
		{2E478578-1495-46AA-B8A3-D29FF158A22B}.Debug|Any CPU.ActiveCfg = Debug|Any CPU
		{2E478578-1495-46AA-B8A3-D29FF158A22B}.Debug|Any CPU.Build.0 = Debug|Any CPU
		{2E478578-1495-46AA-B8A3-D29FF158A22B}.Debug|Any CPU.Deploy.0 = Debug|Any CPU
		{2E478578-1495-46AA-B8A3-D29FF158A22B}.Release|Any CPU.ActiveCfg = Release|Any CPU
		{2E478578-1495-46AA-B8A3-D29FF158A22B}.Release|Any CPU.Build.0 = Release|Any CPU
		{2E478578-1495-46AA-B8A3-D29FF158A22B}.Release|Any CPU.Deploy.0 = Release|Any CPU
		{2093E0A2-9966-41A0-8F56-179EA1C385C8}.Debug|Any CPU.ActiveCfg = Debug|Any CPU
		{2093E0A2-9966-41A0-8F56-179EA1C385C8}.Debug|Any CPU.Build.0 = Debug|Any CPU
		{2093E0A2-9966-41A0-8F56-179EA1C385C8}.Release|Any CPU.ActiveCfg = Release|Any CPU
		{2093E0A2-9966-41A0-8F56-179EA1C385C8}.Release|Any CPU.Build.0 = Release|Any CPU
		{253AE7FE-6ACA-4D6B-9BDC-C6C16E7CBD74}.Debug|Any CPU.ActiveCfg = Debug|Any CPU
		{253AE7FE-6ACA-4D6B-9BDC-C6C16E7CBD74}.Debug|Any CPU.Build.0 = Debug|Any CPU
		{253AE7FE-6ACA-4D6B-9BDC-C6C16E7CBD74}.Release|Any CPU.ActiveCfg = Release|Any CPU
		{253AE7FE-6ACA-4D6B-9BDC-C6C16E7CBD74}.Release|Any CPU.Build.0 = Release|Any CPU
		{596DAF8C-48CF-4FEE-B491-CC7417E91383}.Debug|Any CPU.ActiveCfg = Debug|Any CPU
		{596DAF8C-48CF-4FEE-B491-CC7417E91383}.Debug|Any CPU.Build.0 = Debug|Any CPU
		{596DAF8C-48CF-4FEE-B491-CC7417E91383}.Release|Any CPU.ActiveCfg = Release|Any CPU
		{596DAF8C-48CF-4FEE-B491-CC7417E91383}.Release|Any CPU.Build.0 = Release|Any CPU
		{F227CAFD-D848-4F22-862E-DF02B88E8BB4}.Debug|Any CPU.ActiveCfg = Debug|Any CPU
		{F227CAFD-D848-4F22-862E-DF02B88E8BB4}.Debug|Any CPU.Build.0 = Debug|Any CPU
		{F227CAFD-D848-4F22-862E-DF02B88E8BB4}.Release|Any CPU.ActiveCfg = Release|Any CPU
		{F227CAFD-D848-4F22-862E-DF02B88E8BB4}.Release|Any CPU.Build.0 = Release|Any CPU
	EndGlobalSection
	GlobalSection(SolutionProperties) = preSolution
		HideSolutionNode = FALSE
	EndGlobalSection
	GlobalSection(ExtensibilityGlobals) = postSolution
		SolutionGuid = {50C2257E-157F-4C8D-B6AB-F48A61B89C99}
	EndGlobalSection
EndGlobal
